
Microsoft Visual Studio Solution File, Format Version 12.00
# Visual Studio Version 17
VisualStudioVersion = 17.4.33110.190
MinimumVisualStudioVersion = 10.0.40219.1
Project("{FAE04EC0-301F-11D3-BF4B-00C04F79EFBC}") = "Project_Cms_v6", "Project_Cms_v6\Project_Cms_v6.csproj", "{AEC47CAF-20B7-494E-8F8C-AFCFEA3B1C47}"
EndProject
Global
	GlobalSection(SolutionConfigurationPlatforms) = preSolution
		Debug|Any CPU = Debug|Any CPU
		Release|Any CPU = Release|Any CPU
	EndGlobalSection
	GlobalSection(ProjectConfigurationPlatforms) = postSolution
		{AEC47CAF-20B7-494E-8F8C-AFCFEA3B1C47}.Debug|Any CPU.ActiveCfg = Debug|Any CPU
		{AEC47CAF-20B7-494E-8F8C-AFCFEA3B1C47}.Debug|Any CPU.Build.0 = Debug|Any CPU
		{AEC47CAF-20B7-494E-8F8C-AFCFEA3B1C47}.Release|Any CPU.ActiveCfg = Release|Any CPU
		{AEC47CAF-20B7-494E-8F8C-AFCFEA3B1C47}.Release|Any CPU.Build.0 = Release|Any CPU
	EndGlobalSection
	GlobalSection(SolutionProperties) = preSolution
		HideSolutionNode = FALSE
	EndGlobalSection
	GlobalSection(ExtensibilityGlobals) = postSolution
		SolutionGuid = {D6D27A58-74C6-40C0-9269-4B102BF89BDF}
	EndGlobalSection
EndGlobal
